
Microsoft Visual Studio Solution File, Format Version 10.00
# Visual C# Express 2008
Project("{FAE04EC0-301F-11D3-BF4B-00C04F79EFBC}") = "SR02_Client_Worker", "SR02_Client_Worker\SR02_Client_Worker.csproj", "{D8F9FDC6-B32A-4E4E-AB6E-93068008C866}"
	ProjectSection(ProjectDependencies) = postProject
		{7D92BA6A-385F-4EC6-9D9C-32B5221D3D68} = {7D92BA6A-385F-4EC6-9D9C-32B5221D3D68}
	EndProjectSection
EndProject
Project("{FAE04EC0-301F-11D3-BF4B-00C04F79EFBC}") = "SR02_Server", "SR02_Server\SR02_Server.csproj", "{7D92BA6A-385F-4EC6-9D9C-32B5221D3D68}"
EndProject
Global
	GlobalSection(SolutionConfigurationPlatforms) = preSolution
		Debug|Any CPU = Debug|Any CPU
		Release|Any CPU = Release|Any CPU
	EndGlobalSection
	GlobalSection(ProjectConfigurationPlatforms) = postSolution
		{D8F9FDC6-B32A-4E4E-AB6E-93068008C866}.Debug|Any CPU.ActiveCfg = Debug|Any CPU
		{D8F9FDC6-B32A-4E4E-AB6E-93068008C866}.Debug|Any CPU.Build.0 = Debug|Any CPU
		{D8F9FDC6-B32A-4E4E-AB6E-93068008C866}.Release|Any CPU.ActiveCfg = Release|Any CPU
		{D8F9FDC6-B32A-4E4E-AB6E-93068008C866}.Release|Any CPU.Build.0 = Release|Any CPU
		{7D92BA6A-385F-4EC6-9D9C-32B5221D3D68}.Debug|Any CPU.ActiveCfg = Debug|Any CPU
		{7D92BA6A-385F-4EC6-9D9C-32B5221D3D68}.Debug|Any CPU.Build.0 = Debug|Any CPU
		{7D92BA6A-385F-4EC6-9D9C-32B5221D3D68}.Release|Any CPU.ActiveCfg = Release|Any CPU
		{7D92BA6A-385F-4EC6-9D9C-32B5221D3D68}.Release|Any CPU.Build.0 = Release|Any CPU
	EndGlobalSection
	GlobalSection(SolutionProperties) = preSolution
		HideSolutionNode = FALSE
	EndGlobalSection
EndGlobal
